
Microsoft Visual Studio Solution File, Format Version 11.00
# Visual Studio 2010
Project("{FAE04EC0-301F-11D3-BF4B-00C04F79EFBC}") = "AxisCameras", "AxisCameras\AxisCameras.csproj", "{A2B1464E-D965-4DE3-8EA2-5E4463E40262}"
EndProject
Project("{FAE04EC0-301F-11D3-BF4B-00C04F79EFBC}") = "AxisCameras.Configuration", "AxisCameras.Configuration\AxisCameras.Configuration.csproj", "{A9EB29F7-45D9-4528-AD57-98CCECFC5E51}"
EndProject
Project("{FAE04EC0-301F-11D3-BF4B-00C04F79EFBC}") = "AxisCameras.Mvvm", "AxisCameras.Mvvm\AxisCameras.Mvvm.csproj", "{442C117D-98D8-41A8-843B-716B66D60B97}"
EndProject
Project("{FAE04EC0-301F-11D3-BF4B-00C04F79EFBC}") = "AxisCameras.Data", "AxisCameras.Data\AxisCameras.Data.csproj", "{CCBED050-F912-4D87-8702-0CE8864293E3}"
EndProject
Project("{FAE04EC0-301F-11D3-BF4B-00C04F79EFBC}") = "AxisCameras.Core", "AxisCameras.Core\AxisCameras.Core.csproj", "{BA65EA0C-E460-437E-A56C-CCF118D3DBE0}"
EndProject
Project("{FAE04EC0-301F-11D3-BF4B-00C04F79EFBC}") = "AxisCameras.ConfigurationTest", "AxisCameras.ConfigurationTest\AxisCameras.ConfigurationTest.csproj", "{77DE00E0-2830-4148-AC09-4172D4D71FDC}"
EndProject
Project("{FAE04EC0-301F-11D3-BF4B-00C04F79EFBC}") = "AxisCamerasTest", "AxisCamerasTest\AxisCamerasTest.csproj", "{8B4B11CB-6CC0-40BB-875E-D29E4613BE2A}"
EndProject
Project("{FAE04EC0-301F-11D3-BF4B-00C04F79EFBC}") = "AxisCameras.Configuration.Starter", "AxisCameras.Configuration.Starter\AxisCameras.Configuration.Starter.csproj", "{67B2C614-6B13-4577-BDBC-0F9C7487FB9B}"
EndProject
Project("{FAE04EC0-301F-11D3-BF4B-00C04F79EFBC}") = "AxisCameras.DataTest", "AxisCameras.DataTest\AxisCameras.DataTest.csproj", "{3EDF16AB-0ED4-4C8C-BB1E-28FAF6B469D7}"
EndProject
Project("{2150E333-8FDC-42A3-9474-1A3956D46DE8}") = "Externals", "Externals", "{83E69C6F-23B9-43D7-A4DB-455918E1617E}"
EndProject
Project("{FAE04EC0-301F-11D3-BF4B-00C04F79EFBC}") = "Core", "Externals\MediaPortal\mediaportal\Core\Core.csproj", "{02FFFC1F-2555-4B99-8B01-3432D0673855}"
EndProject
Project("{FAE04EC0-301F-11D3-BF4B-00C04F79EFBC}") = "Common.Utils", "Externals\MediaPortal\Common-MP-TVE3\Common.Utils\Common.Utils.csproj", "{F6EDA1F3-3DCD-43F4-8A90-E32DA70C8227}"
EndProject
Project("{FAE04EC0-301F-11D3-BF4B-00C04F79EFBC}") = "DirectShowLib", "Externals\MediaPortal\Common-MP-TVE3\DirectShowLib\DirectShowLib.csproj", "{CE009BFA-5EF6-4153-B2A1-2FA79698A9AE}"
EndProject
Project("{FAE04EC0-301F-11D3-BF4B-00C04F79EFBC}") = "MediaPortal.Support", "Externals\MediaPortal\mediaportal\MediaPortal.Support\MediaPortal.Support.csproj", "{BD4A3413-C9F9-4299-BB52-ED45027EE7CC}"
EndProject
Project("{FAE04EC0-301F-11D3-BF4B-00C04F79EFBC}") = "Utils", "Externals\MediaPortal\mediaportal\Utils\Utils.csproj", "{6DA0E4DF-6230-4642-98B5-E690BB6942BB}"
EndProject
Project("{FAE04EC0-301F-11D3-BF4B-00C04F79EFBC}") = "Dialogs", "Externals\MediaPortal\mediaportal\Dialogs\Dialogs.csproj", "{396C5208-5D46-4A11-92C1-FD0F2F42D7DD}"
EndProject
Project("{FAE04EC0-301F-11D3-BF4B-00C04F79EFBC}") = "Databases", "Externals\MediaPortal\mediaportal\Databases\Databases.csproj", "{C1BCEC3E-6074-4328-B5D9-391A457C8FFB}"
EndProject
Global
	GlobalSection(SolutionConfigurationPlatforms) = preSolution
		Debug|Any CPU = Debug|Any CPU
		Debug|Mixed Platforms = Debug|Mixed Platforms
		Debug|x86 = Debug|x86
		Release (Standalone)|Any CPU = Release (Standalone)|Any CPU
		Release (Standalone)|Mixed Platforms = Release (Standalone)|Mixed Platforms
		Release (Standalone)|x86 = Release (Standalone)|x86
		Release|Any CPU = Release|Any CPU
		Release|Mixed Platforms = Release|Mixed Platforms
		Release|x86 = Release|x86
		UseCaptureCardDefinitions|Any CPU = UseCaptureCardDefinitions|Any CPU
		UseCaptureCardDefinitions|Mixed Platforms = UseCaptureCardDefinitions|Mixed Platforms
		UseCaptureCardDefinitions|x86 = UseCaptureCardDefinitions|x86
		UseCaptureDefintionsRelease|Any CPU = UseCaptureDefintionsRelease|Any CPU
		UseCaptureDefintionsRelease|Mixed Platforms = UseCaptureDefintionsRelease|Mixed Platforms
		UseCaptureDefintionsRelease|x86 = UseCaptureDefintionsRelease|x86
	EndGlobalSection
	GlobalSection(ProjectConfigurationPlatforms) = postSolution
		{A2B1464E-D965-4DE3-8EA2-5E4463E40262}.Debug|Any CPU.ActiveCfg = Debug|Any CPU
		{A2B1464E-D965-4DE3-8EA2-5E4463E40262}.Debug|Any CPU.Build.0 = Debug|Any CPU
		{A2B1464E-D965-4DE3-8EA2-5E4463E40262}.Debug|Mixed Platforms.ActiveCfg = Debug|Any CPU
		{A2B1464E-D965-4DE3-8EA2-5E4463E40262}.Debug|Mixed Platforms.Build.0 = Debug|Any CPU
		{A2B1464E-D965-4DE3-8EA2-5E4463E40262}.Debug|x86.ActiveCfg = Debug|Any CPU
		{A2B1464E-D965-4DE3-8EA2-5E4463E40262}.Release (Standalone)|Any CPU.ActiveCfg = Release|Any CPU
		{A2B1464E-D965-4DE3-8EA2-5E4463E40262}.Release (Standalone)|Any CPU.Build.0 = Release|Any CPU
		{A2B1464E-D965-4DE3-8EA2-5E4463E40262}.Release (Standalone)|Mixed Platforms.ActiveCfg = Release|Any CPU
		{A2B1464E-D965-4DE3-8EA2-5E4463E40262}.Release (Standalone)|Mixed Platforms.Build.0 = Release|Any CPU
		{A2B1464E-D965-4DE3-8EA2-5E4463E40262}.Release (Standalone)|x86.ActiveCfg = Release|Any CPU
		{A2B1464E-D965-4DE3-8EA2-5E4463E40262}.Release|Any CPU.ActiveCfg = Release|Any CPU
		{A2B1464E-D965-4DE3-8EA2-5E4463E40262}.Release|Any CPU.Build.0 = Release|Any CPU
		{A2B1464E-D965-4DE3-8EA2-5E4463E40262}.Release|Mixed Platforms.ActiveCfg = Release|Any CPU
		{A2B1464E-D965-4DE3-8EA2-5E4463E40262}.Release|Mixed Platforms.Build.0 = Release|Any CPU
		{A2B1464E-D965-4DE3-8EA2-5E4463E40262}.Release|x86.ActiveCfg = Release|Any CPU
		{A2B1464E-D965-4DE3-8EA2-5E4463E40262}.UseCaptureCardDefinitions|Any CPU.ActiveCfg = Release|Any CPU
		{A2B1464E-D965-4DE3-8EA2-5E4463E40262}.UseCaptureCardDefinitions|Any CPU.Build.0 = Release|Any CPU
		{A2B1464E-D965-4DE3-8EA2-5E4463E40262}.UseCaptureCardDefinitions|Mixed Platforms.ActiveCfg = Release|Any CPU
		{A2B1464E-D965-4DE3-8EA2-5E4463E40262}.UseCaptureCardDefinitions|Mixed Platforms.Build.0 = Release|Any CPU
		{A2B1464E-D965-4DE3-8EA2-5E4463E40262}.UseCaptureCardDefinitions|x86.ActiveCfg = Release|Any CPU
		{A2B1464E-D965-4DE3-8EA2-5E4463E40262}.UseCaptureDefintionsRelease|Any CPU.ActiveCfg = Release|Any CPU
		{A2B1464E-D965-4DE3-8EA2-5E4463E40262}.UseCaptureDefintionsRelease|Any CPU.Build.0 = Release|Any CPU
		{A2B1464E-D965-4DE3-8EA2-5E4463E40262}.UseCaptureDefintionsRelease|Mixed Platforms.ActiveCfg = Release|Any CPU
		{A2B1464E-D965-4DE3-8EA2-5E4463E40262}.UseCaptureDefintionsRelease|Mixed Platforms.Build.0 = Release|Any CPU
		{A2B1464E-D965-4DE3-8EA2-5E4463E40262}.UseCaptureDefintionsRelease|x86.ActiveCfg = Release|Any CPU
		{A9EB29F7-45D9-4528-AD57-98CCECFC5E51}.Debug|Any CPU.ActiveCfg = Debug|Any CPU
		{A9EB29F7-45D9-4528-AD57-98CCECFC5E51}.Debug|Any CPU.Build.0 = Debug|Any CPU
		{A9EB29F7-45D9-4528-AD57-98CCECFC5E51}.Debug|Mixed Platforms.ActiveCfg = Debug|Any CPU
		{A9EB29F7-45D9-4528-AD57-98CCECFC5E51}.Debug|Mixed Platforms.Build.0 = Debug|Any CPU
		{A9EB29F7-45D9-4528-AD57-98CCECFC5E51}.Debug|x86.ActiveCfg = Debug|Any CPU
		{A9EB29F7-45D9-4528-AD57-98CCECFC5E51}.Release (Standalone)|Any CPU.ActiveCfg = Release|Any CPU
		{A9EB29F7-45D9-4528-AD57-98CCECFC5E51}.Release (Standalone)|Any CPU.Build.0 = Release|Any CPU
		{A9EB29F7-45D9-4528-AD57-98CCECFC5E51}.Release (Standalone)|Mixed Platforms.ActiveCfg = Release|Any CPU
		{A9EB29F7-45D9-4528-AD57-98CCECFC5E51}.Release (Standalone)|Mixed Platforms.Build.0 = Release|Any CPU
		{A9EB29F7-45D9-4528-AD57-98CCECFC5E51}.Release (Standalone)|x86.ActiveCfg = Release|Any CPU
		{A9EB29F7-45D9-4528-AD57-98CCECFC5E51}.Release|Any CPU.ActiveCfg = Release|Any CPU
		{A9EB29F7-45D9-4528-AD57-98CCECFC5E51}.Release|Any CPU.Build.0 = Release|Any CPU
		{A9EB29F7-45D9-4528-AD57-98CCECFC5E51}.Release|Mixed Platforms.ActiveCfg = Release|Any CPU
		{A9EB29F7-45D9-4528-AD57-98CCECFC5E51}.Release|Mixed Platforms.Build.0 = Release|Any CPU
		{A9EB29F7-45D9-4528-AD57-98CCECFC5E51}.Release|x86.ActiveCfg = Release|Any CPU
		{A9EB29F7-45D9-4528-AD57-98CCECFC5E51}.UseCaptureCardDefinitions|Any CPU.ActiveCfg = Release|Any CPU
		{A9EB29F7-45D9-4528-AD57-98CCECFC5E51}.UseCaptureCardDefinitions|Any CPU.Build.0 = Release|Any CPU
		{A9EB29F7-45D9-4528-AD57-98CCECFC5E51}.UseCaptureCardDefinitions|Mixed Platforms.ActiveCfg = Release|Any CPU
		{A9EB29F7-45D9-4528-AD57-98CCECFC5E51}.UseCaptureCardDefinitions|Mixed Platforms.Build.0 = Release|Any CPU
		{A9EB29F7-45D9-4528-AD57-98CCECFC5E51}.UseCaptureCardDefinitions|x86.ActiveCfg = Release|Any CPU
		{A9EB29F7-45D9-4528-AD57-98CCECFC5E51}.UseCaptureDefintionsRelease|Any CPU.ActiveCfg = Release|Any CPU
		{A9EB29F7-45D9-4528-AD57-98CCECFC5E51}.UseCaptureDefintionsRelease|Any CPU.Build.0 = Release|Any CPU
		{A9EB29F7-45D9-4528-AD57-98CCECFC5E51}.UseCaptureDefintionsRelease|Mixed Platforms.ActiveCfg = Release|Any CPU
		{A9EB29F7-45D9-4528-AD57-98CCECFC5E51}.UseCaptureDefintionsRelease|Mixed Platforms.Build.0 = Release|Any CPU
		{A9EB29F7-45D9-4528-AD57-98CCECFC5E51}.UseCaptureDefintionsRelease|x86.ActiveCfg = Release|Any CPU
		{442C117D-98D8-41A8-843B-716B66D60B97}.Debug|Any CPU.ActiveCfg = Debug|Any CPU
		{442C117D-98D8-41A8-843B-716B66D60B97}.Debug|Any CPU.Build.0 = Debug|Any CPU
		{442C117D-98D8-41A8-843B-716B66D60B97}.Debug|Mixed Platforms.ActiveCfg = Debug|Any CPU
		{442C117D-98D8-41A8-843B-716B66D60B97}.Debug|Mixed Platforms.Build.0 = Debug|Any CPU
		{442C117D-98D8-41A8-843B-716B66D60B97}.Debug|x86.ActiveCfg = Debug|Any CPU
		{442C117D-98D8-41A8-843B-716B66D60B97}.Release (Standalone)|Any CPU.ActiveCfg = Release|Any CPU
		{442C117D-98D8-41A8-843B-716B66D60B97}.Release (Standalone)|Any CPU.Build.0 = Release|Any CPU
		{442C117D-98D8-41A8-843B-716B66D60B97}.Release (Standalone)|Mixed Platforms.ActiveCfg = Release|Any CPU
		{442C117D-98D8-41A8-843B-716B66D60B97}.Release (Standalone)|Mixed Platforms.Build.0 = Release|Any CPU
		{442C117D-98D8-41A8-843B-716B66D60B97}.Release (Standalone)|x86.ActiveCfg = Release|Any CPU
		{442C117D-98D8-41A8-843B-716B66D60B97}.Release|Any CPU.ActiveCfg = Release|Any CPU
		{442C117D-98D8-41A8-843B-716B66D60B97}.Release|Any CPU.Build.0 = Release|Any CPU
		{442C117D-98D8-41A8-843B-716B66D60B97}.Release|Mixed Platforms.ActiveCfg = Release|Any CPU
		{442C117D-98D8-41A8-843B-716B66D60B97}.Release|Mixed Platforms.Build.0 = Release|Any CPU
		{442C117D-98D8-41A8-843B-716B66D60B97}.Release|x86.ActiveCfg = Release|Any CPU
		{442C117D-98D8-41A8-843B-716B66D60B97}.UseCaptureCardDefinitions|Any CPU.ActiveCfg = Release|Any CPU
		{442C117D-98D8-41A8-843B-716B66D60B97}.UseCaptureCardDefinitions|Any CPU.Build.0 = Release|Any CPU
		{442C117D-98D8-41A8-843B-716B66D60B97}.UseCaptureCardDefinitions|Mixed Platforms.ActiveCfg = Release|Any CPU
		{442C117D-98D8-41A8-843B-716B66D60B97}.UseCaptureCardDefinitions|Mixed Platforms.Build.0 = Release|Any CPU
		{442C117D-98D8-41A8-843B-716B66D60B97}.UseCaptureCardDefinitions|x86.ActiveCfg = Release|Any CPU
		{442C117D-98D8-41A8-843B-716B66D60B97}.UseCaptureDefintionsRelease|Any CPU.ActiveCfg = Release|Any CPU
		{442C117D-98D8-41A8-843B-716B66D60B97}.UseCaptureDefintionsRelease|Any CPU.Build.0 = Release|Any CPU
		{442C117D-98D8-41A8-843B-716B66D60B97}.UseCaptureDefintionsRelease|Mixed Platforms.ActiveCfg = Release|Any CPU
		{442C117D-98D8-41A8-843B-716B66D60B97}.UseCaptureDefintionsRelease|Mixed Platforms.Build.0 = Release|Any CPU
		{442C117D-98D8-41A8-843B-716B66D60B97}.UseCaptureDefintionsRelease|x86.ActiveCfg = Release|Any CPU
		{CCBED050-F912-4D87-8702-0CE8864293E3}.Debug|Any CPU.ActiveCfg = Debug|Any CPU
		{CCBED050-F912-4D87-8702-0CE8864293E3}.Debug|Any CPU.Build.0 = Debug|Any CPU
		{CCBED050-F912-4D87-8702-0CE8864293E3}.Debug|Mixed Platforms.ActiveCfg = Debug|Any CPU
		{CCBED050-F912-4D87-8702-0CE8864293E3}.Debug|Mixed Platforms.Build.0 = Debug|Any CPU
		{CCBED050-F912-4D87-8702-0CE8864293E3}.Debug|x86.ActiveCfg = Debug|Any CPU
		{CCBED050-F912-4D87-8702-0CE8864293E3}.Release (Standalone)|Any CPU.ActiveCfg = Release|Any CPU
		{CCBED050-F912-4D87-8702-0CE8864293E3}.Release (Standalone)|Any CPU.Build.0 = Release|Any CPU
		{CCBED050-F912-4D87-8702-0CE8864293E3}.Release (Standalone)|Mixed Platforms.ActiveCfg = Release|Any CPU
		{CCBED050-F912-4D87-8702-0CE8864293E3}.Release (Standalone)|Mixed Platforms.Build.0 = Release|Any CPU
		{CCBED050-F912-4D87-8702-0CE8864293E3}.Release (Standalone)|x86.ActiveCfg = Release|Any CPU
		{CCBED050-F912-4D87-8702-0CE8864293E3}.Release|Any CPU.ActiveCfg = Release|Any CPU
		{CCBED050-F912-4D87-8702-0CE8864293E3}.Release|Any CPU.Build.0 = Release|Any CPU
		{CCBED050-F912-4D87-8702-0CE8864293E3}.Release|Mixed Platforms.ActiveCfg = Release|Any CPU
		{CCBED050-F912-4D87-8702-0CE8864293E3}.Release|Mixed Platforms.Build.0 = Release|Any CPU
		{CCBED050-F912-4D87-8702-0CE8864293E3}.Release|x86.ActiveCfg = Release|Any CPU
		{CCBED050-F912-4D87-8702-0CE8864293E3}.UseCaptureCardDefinitions|Any CPU.ActiveCfg = Release|Any CPU
		{CCBED050-F912-4D87-8702-0CE8864293E3}.UseCaptureCardDefinitions|Any CPU.Build.0 = Release|Any CPU
		{CCBED050-F912-4D87-8702-0CE8864293E3}.UseCaptureCardDefinitions|Mixed Platforms.ActiveCfg = Release|Any CPU
		{CCBED050-F912-4D87-8702-0CE8864293E3}.UseCaptureCardDefinitions|Mixed Platforms.Build.0 = Release|Any CPU
		{CCBED050-F912-4D87-8702-0CE8864293E3}.UseCaptureCardDefinitions|x86.ActiveCfg = Release|Any CPU
		{CCBED050-F912-4D87-8702-0CE8864293E3}.UseCaptureDefintionsRelease|Any CPU.ActiveCfg = Release|Any CPU
		{CCBED050-F912-4D87-8702-0CE8864293E3}.UseCaptureDefintionsRelease|Any CPU.Build.0 = Release|Any CPU
		{CCBED050-F912-4D87-8702-0CE8864293E3}.UseCaptureDefintionsRelease|Mixed Platforms.ActiveCfg = Release|Any CPU
		{CCBED050-F912-4D87-8702-0CE8864293E3}.UseCaptureDefintionsRelease|Mixed Platforms.Build.0 = Release|Any CPU
		{CCBED050-F912-4D87-8702-0CE8864293E3}.UseCaptureDefintionsRelease|x86.ActiveCfg = Release|Any CPU
		{BA65EA0C-E460-437E-A56C-CCF118D3DBE0}.Debug|Any CPU.ActiveCfg = Debug|Any CPU
		{BA65EA0C-E460-437E-A56C-CCF118D3DBE0}.Debug|Any CPU.Build.0 = Debug|Any CPU
		{BA65EA0C-E460-437E-A56C-CCF118D3DBE0}.Debug|Mixed Platforms.ActiveCfg = Debug|Any CPU
		{BA65EA0C-E460-437E-A56C-CCF118D3DBE0}.Debug|Mixed Platforms.Build.0 = Debug|Any CPU
		{BA65EA0C-E460-437E-A56C-CCF118D3DBE0}.Debug|x86.ActiveCfg = Debug|Any CPU
		{BA65EA0C-E460-437E-A56C-CCF118D3DBE0}.Release (Standalone)|Any CPU.ActiveCfg = Release|Any CPU
		{BA65EA0C-E460-437E-A56C-CCF118D3DBE0}.Release (Standalone)|Any CPU.Build.0 = Release|Any CPU
		{BA65EA0C-E460-437E-A56C-CCF118D3DBE0}.Release (Standalone)|Mixed Platforms.ActiveCfg = Release|Any CPU
		{BA65EA0C-E460-437E-A56C-CCF118D3DBE0}.Release (Standalone)|Mixed Platforms.Build.0 = Release|Any CPU
		{BA65EA0C-E460-437E-A56C-CCF118D3DBE0}.Release (Standalone)|x86.ActiveCfg = Release|Any CPU
		{BA65EA0C-E460-437E-A56C-CCF118D3DBE0}.Release|Any CPU.ActiveCfg = Release|Any CPU
		{BA65EA0C-E460-437E-A56C-CCF118D3DBE0}.Release|Any CPU.Build.0 = Release|Any CPU
		{BA65EA0C-E460-437E-A56C-CCF118D3DBE0}.Release|Mixed Platforms.ActiveCfg = Release|Any CPU
		{BA65EA0C-E460-437E-A56C-CCF118D3DBE0}.Release|Mixed Platforms.Build.0 = Release|Any CPU
		{BA65EA0C-E460-437E-A56C-CCF118D3DBE0}.Release|x86.ActiveCfg = Release|Any CPU
		{BA65EA0C-E460-437E-A56C-CCF118D3DBE0}.UseCaptureCardDefinitions|Any CPU.ActiveCfg = Release|Any CPU
		{BA65EA0C-E460-437E-A56C-CCF118D3DBE0}.UseCaptureCardDefinitions|Any CPU.Build.0 = Release|Any CPU
		{BA65EA0C-E460-437E-A56C-CCF118D3DBE0}.UseCaptureCardDefinitions|Mixed Platforms.ActiveCfg = Release|Any CPU
		{BA65EA0C-E460-437E-A56C-CCF118D3DBE0}.UseCaptureCardDefinitions|Mixed Platforms.Build.0 = Release|Any CPU
		{BA65EA0C-E460-437E-A56C-CCF118D3DBE0}.UseCaptureCardDefinitions|x86.ActiveCfg = Release|Any CPU
		{BA65EA0C-E460-437E-A56C-CCF118D3DBE0}.UseCaptureDefintionsRelease|Any CPU.ActiveCfg = Release|Any CPU
		{BA65EA0C-E460-437E-A56C-CCF118D3DBE0}.UseCaptureDefintionsRelease|Any CPU.Build.0 = Release|Any CPU
		{BA65EA0C-E460-437E-A56C-CCF118D3DBE0}.UseCaptureDefintionsRelease|Mixed Platforms.ActiveCfg = Release|Any CPU
		{BA65EA0C-E460-437E-A56C-CCF118D3DBE0}.UseCaptureDefintionsRelease|Mixed Platforms.Build.0 = Release|Any CPU
		{BA65EA0C-E460-437E-A56C-CCF118D3DBE0}.UseCaptureDefintionsRelease|x86.ActiveCfg = Release|Any CPU
		{77DE00E0-2830-4148-AC09-4172D4D71FDC}.Debug|Any CPU.ActiveCfg = Debug|Any CPU
		{77DE00E0-2830-4148-AC09-4172D4D71FDC}.Debug|Any CPU.Build.0 = Debug|Any CPU
		{77DE00E0-2830-4148-AC09-4172D4D71FDC}.Debug|Mixed Platforms.ActiveCfg = Debug|Any CPU
		{77DE00E0-2830-4148-AC09-4172D4D71FDC}.Debug|Mixed Platforms.Build.0 = Debug|Any CPU
		{77DE00E0-2830-4148-AC09-4172D4D71FDC}.Debug|x86.ActiveCfg = Debug|Any CPU
		{77DE00E0-2830-4148-AC09-4172D4D71FDC}.Release (Standalone)|Any CPU.ActiveCfg = Release|Any CPU
		{77DE00E0-2830-4148-AC09-4172D4D71FDC}.Release (Standalone)|Any CPU.Build.0 = Release|Any CPU
		{77DE00E0-2830-4148-AC09-4172D4D71FDC}.Release (Standalone)|Mixed Platforms.ActiveCfg = Release|Any CPU
		{77DE00E0-2830-4148-AC09-4172D4D71FDC}.Release (Standalone)|Mixed Platforms.Build.0 = Release|Any CPU
		{77DE00E0-2830-4148-AC09-4172D4D71FDC}.Release (Standalone)|x86.ActiveCfg = Release|Any CPU
		{77DE00E0-2830-4148-AC09-4172D4D71FDC}.Release|Any CPU.ActiveCfg = Release|Any CPU
		{77DE00E0-2830-4148-AC09-4172D4D71FDC}.Release|Any CPU.Build.0 = Release|Any CPU
		{77DE00E0-2830-4148-AC09-4172D4D71FDC}.Release|Mixed Platforms.ActiveCfg = Release|Any CPU
		{77DE00E0-2830-4148-AC09-4172D4D71FDC}.Release|Mixed Platforms.Build.0 = Release|Any CPU
		{77DE00E0-2830-4148-AC09-4172D4D71FDC}.Release|x86.ActiveCfg = Release|Any CPU
		{77DE00E0-2830-4148-AC09-4172D4D71FDC}.UseCaptureCardDefinitions|Any CPU.ActiveCfg = Release|Any CPU
		{77DE00E0-2830-4148-AC09-4172D4D71FDC}.UseCaptureCardDefinitions|Any CPU.Build.0 = Release|Any CPU
		{77DE00E0-2830-4148-AC09-4172D4D71FDC}.UseCaptureCardDefinitions|Mixed Platforms.ActiveCfg = Release|Any CPU
		{77DE00E0-2830-4148-AC09-4172D4D71FDC}.UseCaptureCardDefinitions|Mixed Platforms.Build.0 = Release|Any CPU
		{77DE00E0-2830-4148-AC09-4172D4D71FDC}.UseCaptureCardDefinitions|x86.ActiveCfg = Release|Any CPU
		{77DE00E0-2830-4148-AC09-4172D4D71FDC}.UseCaptureDefintionsRelease|Any CPU.ActiveCfg = Release|Any CPU
		{77DE00E0-2830-4148-AC09-4172D4D71FDC}.UseCaptureDefintionsRelease|Any CPU.Build.0 = Release|Any CPU
		{77DE00E0-2830-4148-AC09-4172D4D71FDC}.UseCaptureDefintionsRelease|Mixed Platforms.ActiveCfg = Release|Any CPU
		{77DE00E0-2830-4148-AC09-4172D4D71FDC}.UseCaptureDefintionsRelease|Mixed Platforms.Build.0 = Release|Any CPU
		{77DE00E0-2830-4148-AC09-4172D4D71FDC}.UseCaptureDefintionsRelease|x86.ActiveCfg = Release|Any CPU
		{8B4B11CB-6CC0-40BB-875E-D29E4613BE2A}.Debug|Any CPU.ActiveCfg = Debug|Any CPU
		{8B4B11CB-6CC0-40BB-875E-D29E4613BE2A}.Debug|Any CPU.Build.0 = Debug|Any CPU
		{8B4B11CB-6CC0-40BB-875E-D29E4613BE2A}.Debug|Mixed Platforms.ActiveCfg = Debug|Any CPU
		{8B4B11CB-6CC0-40BB-875E-D29E4613BE2A}.Debug|Mixed Platforms.Build.0 = Debug|Any CPU
		{8B4B11CB-6CC0-40BB-875E-D29E4613BE2A}.Debug|x86.ActiveCfg = Debug|Any CPU
		{8B4B11CB-6CC0-40BB-875E-D29E4613BE2A}.Release (Standalone)|Any CPU.ActiveCfg = Release|Any CPU
		{8B4B11CB-6CC0-40BB-875E-D29E4613BE2A}.Release (Standalone)|Any CPU.Build.0 = Release|Any CPU
		{8B4B11CB-6CC0-40BB-875E-D29E4613BE2A}.Release (Standalone)|Mixed Platforms.ActiveCfg = Release|Any CPU
		{8B4B11CB-6CC0-40BB-875E-D29E4613BE2A}.Release (Standalone)|Mixed Platforms.Build.0 = Release|Any CPU
		{8B4B11CB-6CC0-40BB-875E-D29E4613BE2A}.Release (Standalone)|x86.ActiveCfg = Release|Any CPU
		{8B4B11CB-6CC0-40BB-875E-D29E4613BE2A}.Release|Any CPU.ActiveCfg = Release|Any CPU
		{8B4B11CB-6CC0-40BB-875E-D29E4613BE2A}.Release|Any CPU.Build.0 = Release|Any CPU
		{8B4B11CB-6CC0-40BB-875E-D29E4613BE2A}.Release|Mixed Platforms.ActiveCfg = Release|Any CPU
		{8B4B11CB-6CC0-40BB-875E-D29E4613BE2A}.Release|Mixed Platforms.Build.0 = Release|Any CPU
		{8B4B11CB-6CC0-40BB-875E-D29E4613BE2A}.Release|x86.ActiveCfg = Release|Any CPU
		{8B4B11CB-6CC0-40BB-875E-D29E4613BE2A}.UseCaptureCardDefinitions|Any CPU.ActiveCfg = Release|Any CPU
		{8B4B11CB-6CC0-40BB-875E-D29E4613BE2A}.UseCaptureCardDefinitions|Any CPU.Build.0 = Release|Any CPU
		{8B4B11CB-6CC0-40BB-875E-D29E4613BE2A}.UseCaptureCardDefinitions|Mixed Platforms.ActiveCfg = Release|Any CPU
		{8B4B11CB-6CC0-40BB-875E-D29E4613BE2A}.UseCaptureCardDefinitions|Mixed Platforms.Build.0 = Release|Any CPU
		{8B4B11CB-6CC0-40BB-875E-D29E4613BE2A}.UseCaptureCardDefinitions|x86.ActiveCfg = Release|Any CPU
		{8B4B11CB-6CC0-40BB-875E-D29E4613BE2A}.UseCaptureDefintionsRelease|Any CPU.ActiveCfg = Release|Any CPU
		{8B4B11CB-6CC0-40BB-875E-D29E4613BE2A}.UseCaptureDefintionsRelease|Any CPU.Build.0 = Release|Any CPU
		{8B4B11CB-6CC0-40BB-875E-D29E4613BE2A}.UseCaptureDefintionsRelease|Mixed Platforms.ActiveCfg = Release|Any CPU
		{8B4B11CB-6CC0-40BB-875E-D29E4613BE2A}.UseCaptureDefintionsRelease|Mixed Platforms.Build.0 = Release|Any CPU
		{8B4B11CB-6CC0-40BB-875E-D29E4613BE2A}.UseCaptureDefintionsRelease|x86.ActiveCfg = Release|Any CPU
		{67B2C614-6B13-4577-BDBC-0F9C7487FB9B}.Debug|Any CPU.ActiveCfg = Debug|x86
		{67B2C614-6B13-4577-BDBC-0F9C7487FB9B}.Debug|Mixed Platforms.ActiveCfg = Debug|x86
		{67B2C614-6B13-4577-BDBC-0F9C7487FB9B}.Debug|Mixed Platforms.Build.0 = Debug|x86
		{67B2C614-6B13-4577-BDBC-0F9C7487FB9B}.Debug|x86.ActiveCfg = Debug|x86
		{67B2C614-6B13-4577-BDBC-0F9C7487FB9B}.Debug|x86.Build.0 = Debug|x86
		{67B2C614-6B13-4577-BDBC-0F9C7487FB9B}.Release (Standalone)|Any CPU.ActiveCfg = Release|x86
		{67B2C614-6B13-4577-BDBC-0F9C7487FB9B}.Release (Standalone)|Mixed Platforms.ActiveCfg = Release|x86
		{67B2C614-6B13-4577-BDBC-0F9C7487FB9B}.Release (Standalone)|Mixed Platforms.Build.0 = Release|x86
		{67B2C614-6B13-4577-BDBC-0F9C7487FB9B}.Release (Standalone)|x86.ActiveCfg = Release|x86
		{67B2C614-6B13-4577-BDBC-0F9C7487FB9B}.Release (Standalone)|x86.Build.0 = Release|x86
		{67B2C614-6B13-4577-BDBC-0F9C7487FB9B}.Release|Any CPU.ActiveCfg = Release|x86
		{67B2C614-6B13-4577-BDBC-0F9C7487FB9B}.Release|Mixed Platforms.ActiveCfg = Release|x86
		{67B2C614-6B13-4577-BDBC-0F9C7487FB9B}.Release|Mixed Platforms.Build.0 = Release|x86
		{67B2C614-6B13-4577-BDBC-0F9C7487FB9B}.Release|x86.ActiveCfg = Release|x86
		{67B2C614-6B13-4577-BDBC-0F9C7487FB9B}.Release|x86.Build.0 = Release|x86
		{67B2C614-6B13-4577-BDBC-0F9C7487FB9B}.UseCaptureCardDefinitions|Any CPU.ActiveCfg = Release|x86
		{67B2C614-6B13-4577-BDBC-0F9C7487FB9B}.UseCaptureCardDefinitions|Mixed Platforms.ActiveCfg = Release|x86
		{67B2C614-6B13-4577-BDBC-0F9C7487FB9B}.UseCaptureCardDefinitions|Mixed Platforms.Build.0 = Release|x86
		{67B2C614-6B13-4577-BDBC-0F9C7487FB9B}.UseCaptureCardDefinitions|x86.ActiveCfg = Release|x86
		{67B2C614-6B13-4577-BDBC-0F9C7487FB9B}.UseCaptureCardDefinitions|x86.Build.0 = Release|x86
		{67B2C614-6B13-4577-BDBC-0F9C7487FB9B}.UseCaptureDefintionsRelease|Any CPU.ActiveCfg = Release|x86
		{67B2C614-6B13-4577-BDBC-0F9C7487FB9B}.UseCaptureDefintionsRelease|Mixed Platforms.ActiveCfg = Release|x86
		{67B2C614-6B13-4577-BDBC-0F9C7487FB9B}.UseCaptureDefintionsRelease|Mixed Platforms.Build.0 = Release|x86
		{67B2C614-6B13-4577-BDBC-0F9C7487FB9B}.UseCaptureDefintionsRelease|x86.ActiveCfg = Release|x86
		{67B2C614-6B13-4577-BDBC-0F9C7487FB9B}.UseCaptureDefintionsRelease|x86.Build.0 = Release|x86
		{3EDF16AB-0ED4-4C8C-BB1E-28FAF6B469D7}.Debug|Any CPU.ActiveCfg = Debug|Any CPU
		{3EDF16AB-0ED4-4C8C-BB1E-28FAF6B469D7}.Debug|Any CPU.Build.0 = Debug|Any CPU
		{3EDF16AB-0ED4-4C8C-BB1E-28FAF6B469D7}.Debug|Mixed Platforms.ActiveCfg = Debug|Any CPU
		{3EDF16AB-0ED4-4C8C-BB1E-28FAF6B469D7}.Debug|Mixed Platforms.Build.0 = Debug|Any CPU
		{3EDF16AB-0ED4-4C8C-BB1E-28FAF6B469D7}.Debug|x86.ActiveCfg = Debug|Any CPU
		{3EDF16AB-0ED4-4C8C-BB1E-28FAF6B469D7}.Release (Standalone)|Any CPU.ActiveCfg = Release|Any CPU
		{3EDF16AB-0ED4-4C8C-BB1E-28FAF6B469D7}.Release (Standalone)|Any CPU.Build.0 = Release|Any CPU
		{3EDF16AB-0ED4-4C8C-BB1E-28FAF6B469D7}.Release (Standalone)|Mixed Platforms.ActiveCfg = Release|Any CPU
		{3EDF16AB-0ED4-4C8C-BB1E-28FAF6B469D7}.Release (Standalone)|Mixed Platforms.Build.0 = Release|Any CPU
		{3EDF16AB-0ED4-4C8C-BB1E-28FAF6B469D7}.Release (Standalone)|x86.ActiveCfg = Release|Any CPU
		{3EDF16AB-0ED4-4C8C-BB1E-28FAF6B469D7}.Release|Any CPU.ActiveCfg = Release|Any CPU
		{3EDF16AB-0ED4-4C8C-BB1E-28FAF6B469D7}.Release|Any CPU.Build.0 = Release|Any CPU
		{3EDF16AB-0ED4-4C8C-BB1E-28FAF6B469D7}.Release|Mixed Platforms.ActiveCfg = Release|Any CPU
		{3EDF16AB-0ED4-4C8C-BB1E-28FAF6B469D7}.Release|Mixed Platforms.Build.0 = Release|Any CPU
		{3EDF16AB-0ED4-4C8C-BB1E-28FAF6B469D7}.Release|x86.ActiveCfg = Release|Any CPU
		{3EDF16AB-0ED4-4C8C-BB1E-28FAF6B469D7}.UseCaptureCardDefinitions|Any CPU.ActiveCfg = Release|Any CPU
		{3EDF16AB-0ED4-4C8C-BB1E-28FAF6B469D7}.UseCaptureCardDefinitions|Any CPU.Build.0 = Release|Any CPU
		{3EDF16AB-0ED4-4C8C-BB1E-28FAF6B469D7}.UseCaptureCardDefinitions|Mixed Platforms.ActiveCfg = Release|Any CPU
		{3EDF16AB-0ED4-4C8C-BB1E-28FAF6B469D7}.UseCaptureCardDefinitions|Mixed Platforms.Build.0 = Release|Any CPU
		{3EDF16AB-0ED4-4C8C-BB1E-28FAF6B469D7}.UseCaptureCardDefinitions|x86.ActiveCfg = Release|Any CPU
		{3EDF16AB-0ED4-4C8C-BB1E-28FAF6B469D7}.UseCaptureDefintionsRelease|Any CPU.ActiveCfg = Release|Any CPU
		{3EDF16AB-0ED4-4C8C-BB1E-28FAF6B469D7}.UseCaptureDefintionsRelease|Any CPU.Build.0 = Release|Any CPU
		{3EDF16AB-0ED4-4C8C-BB1E-28FAF6B469D7}.UseCaptureDefintionsRelease|Mixed Platforms.ActiveCfg = Release|Any CPU
		{3EDF16AB-0ED4-4C8C-BB1E-28FAF6B469D7}.UseCaptureDefintionsRelease|Mixed Platforms.Build.0 = Release|Any CPU
		{3EDF16AB-0ED4-4C8C-BB1E-28FAF6B469D7}.UseCaptureDefintionsRelease|x86.ActiveCfg = Release|Any CPU
		{02FFFC1F-2555-4B99-8B01-3432D0673855}.Debug|Any CPU.ActiveCfg = Debug|Any CPU
		{02FFFC1F-2555-4B99-8B01-3432D0673855}.Debug|Any CPU.Build.0 = Debug|Any CPU
		{02FFFC1F-2555-4B99-8B01-3432D0673855}.Debug|Mixed Platforms.ActiveCfg = Debug|x86
		{02FFFC1F-2555-4B99-8B01-3432D0673855}.Debug|Mixed Platforms.Build.0 = Debug|x86
		{02FFFC1F-2555-4B99-8B01-3432D0673855}.Debug|x86.ActiveCfg = Debug|x86
		{02FFFC1F-2555-4B99-8B01-3432D0673855}.Debug|x86.Build.0 = Debug|x86
		{02FFFC1F-2555-4B99-8B01-3432D0673855}.Release (Standalone)|Any CPU.ActiveCfg = Release (Standalone)|Any CPU
		{02FFFC1F-2555-4B99-8B01-3432D0673855}.Release (Standalone)|Any CPU.Build.0 = Release (Standalone)|Any CPU
		{02FFFC1F-2555-4B99-8B01-3432D0673855}.Release (Standalone)|Mixed Platforms.ActiveCfg = Release (Standalone)|x86
		{02FFFC1F-2555-4B99-8B01-3432D0673855}.Release (Standalone)|Mixed Platforms.Build.0 = Release (Standalone)|x86
		{02FFFC1F-2555-4B99-8B01-3432D0673855}.Release (Standalone)|x86.ActiveCfg = Release (Standalone)|x86
		{02FFFC1F-2555-4B99-8B01-3432D0673855}.Release (Standalone)|x86.Build.0 = Release (Standalone)|x86
		{02FFFC1F-2555-4B99-8B01-3432D0673855}.Release|Any CPU.ActiveCfg = Release|Any CPU
		{02FFFC1F-2555-4B99-8B01-3432D0673855}.Release|Any CPU.Build.0 = Release|Any CPU
		{02FFFC1F-2555-4B99-8B01-3432D0673855}.Release|Mixed Platforms.ActiveCfg = Release|x86
		{02FFFC1F-2555-4B99-8B01-3432D0673855}.Release|Mixed Platforms.Build.0 = Release|x86
		{02FFFC1F-2555-4B99-8B01-3432D0673855}.Release|x86.ActiveCfg = Release|x86
		{02FFFC1F-2555-4B99-8B01-3432D0673855}.Release|x86.Build.0 = Release|x86
		{02FFFC1F-2555-4B99-8B01-3432D0673855}.UseCaptureCardDefinitions|Any CPU.ActiveCfg = UseCaptureCardDefinitions|Any CPU
		{02FFFC1F-2555-4B99-8B01-3432D0673855}.UseCaptureCardDefinitions|Any CPU.Build.0 = UseCaptureCardDefinitions|Any CPU
		{02FFFC1F-2555-4B99-8B01-3432D0673855}.UseCaptureCardDefinitions|Mixed Platforms.ActiveCfg = UseCaptureCardDefinitions|x86
		{02FFFC1F-2555-4B99-8B01-3432D0673855}.UseCaptureCardDefinitions|Mixed Platforms.Build.0 = UseCaptureCardDefinitions|x86
		{02FFFC1F-2555-4B99-8B01-3432D0673855}.UseCaptureCardDefinitions|x86.ActiveCfg = UseCaptureCardDefinitions|x86
		{02FFFC1F-2555-4B99-8B01-3432D0673855}.UseCaptureCardDefinitions|x86.Build.0 = UseCaptureCardDefinitions|x86
		{02FFFC1F-2555-4B99-8B01-3432D0673855}.UseCaptureDefintionsRelease|Any CPU.ActiveCfg = UseCaptureDefintionsRelease|Any CPU
		{02FFFC1F-2555-4B99-8B01-3432D0673855}.UseCaptureDefintionsRelease|Any CPU.Build.0 = UseCaptureDefintionsRelease|Any CPU
		{02FFFC1F-2555-4B99-8B01-3432D0673855}.UseCaptureDefintionsRelease|Mixed Platforms.ActiveCfg = UseCaptureDefintionsRelease|x86
		{02FFFC1F-2555-4B99-8B01-3432D0673855}.UseCaptureDefintionsRelease|Mixed Platforms.Build.0 = UseCaptureDefintionsRelease|x86
		{02FFFC1F-2555-4B99-8B01-3432D0673855}.UseCaptureDefintionsRelease|x86.ActiveCfg = UseCaptureDefintionsRelease|x86
		{02FFFC1F-2555-4B99-8B01-3432D0673855}.UseCaptureDefintionsRelease|x86.Build.0 = UseCaptureDefintionsRelease|x86
		{F6EDA1F3-3DCD-43F4-8A90-E32DA70C8227}.Debug|Any CPU.ActiveCfg = Debug|Any CPU
		{F6EDA1F3-3DCD-43F4-8A90-E32DA70C8227}.Debug|Any CPU.Build.0 = Debug|Any CPU
		{F6EDA1F3-3DCD-43F4-8A90-E32DA70C8227}.Debug|Mixed Platforms.ActiveCfg = Debug|x86
		{F6EDA1F3-3DCD-43F4-8A90-E32DA70C8227}.Debug|Mixed Platforms.Build.0 = Debug|x86
		{F6EDA1F3-3DCD-43F4-8A90-E32DA70C8227}.Debug|x86.ActiveCfg = Debug|x86
		{F6EDA1F3-3DCD-43F4-8A90-E32DA70C8227}.Debug|x86.Build.0 = Debug|x86
		{F6EDA1F3-3DCD-43F4-8A90-E32DA70C8227}.Release (Standalone)|Any CPU.ActiveCfg = Release|x86
		{F6EDA1F3-3DCD-43F4-8A90-E32DA70C8227}.Release (Standalone)|Mixed Platforms.ActiveCfg = Release|x86
		{F6EDA1F3-3DCD-43F4-8A90-E32DA70C8227}.Release (Standalone)|Mixed Platforms.Build.0 = Release|x86
		{F6EDA1F3-3DCD-43F4-8A90-E32DA70C8227}.Release (Standalone)|x86.ActiveCfg = Release|x86
		{F6EDA1F3-3DCD-43F4-8A90-E32DA70C8227}.Release (Standalone)|x86.Build.0 = Release|x86
		{F6EDA1F3-3DCD-43F4-8A90-E32DA70C8227}.Release|Any CPU.ActiveCfg = Release|Any CPU
		{F6EDA1F3-3DCD-43F4-8A90-E32DA70C8227}.Release|Any CPU.Build.0 = Release|Any CPU
		{F6EDA1F3-3DCD-43F4-8A90-E32DA70C8227}.Release|Mixed Platforms.ActiveCfg = Release|x86
		{F6EDA1F3-3DCD-43F4-8A90-E32DA70C8227}.Release|Mixed Platforms.Build.0 = Release|x86
		{F6EDA1F3-3DCD-43F4-8A90-E32DA70C8227}.Release|x86.ActiveCfg = Release|x86
		{F6EDA1F3-3DCD-43F4-8A90-E32DA70C8227}.Release|x86.Build.0 = Release|x86
		{F6EDA1F3-3DCD-43F4-8A90-E32DA70C8227}.UseCaptureCardDefinitions|Any CPU.ActiveCfg = Release|x86
		{F6EDA1F3-3DCD-43F4-8A90-E32DA70C8227}.UseCaptureCardDefinitions|Mixed Platforms.ActiveCfg = Release|x86
		{F6EDA1F3-3DCD-43F4-8A90-E32DA70C8227}.UseCaptureCardDefinitions|Mixed Platforms.Build.0 = Release|x86
		{F6EDA1F3-3DCD-43F4-8A90-E32DA70C8227}.UseCaptureCardDefinitions|x86.ActiveCfg = Release|x86
		{F6EDA1F3-3DCD-43F4-8A90-E32DA70C8227}.UseCaptureCardDefinitions|x86.Build.0 = Release|x86
		{F6EDA1F3-3DCD-43F4-8A90-E32DA70C8227}.UseCaptureDefintionsRelease|Any CPU.ActiveCfg = Release|Any CPU
		{F6EDA1F3-3DCD-43F4-8A90-E32DA70C8227}.UseCaptureDefintionsRelease|Any CPU.Build.0 = Release|Any CPU
		{F6EDA1F3-3DCD-43F4-8A90-E32DA70C8227}.UseCaptureDefintionsRelease|Mixed Platforms.ActiveCfg = Release|x86
		{F6EDA1F3-3DCD-43F4-8A90-E32DA70C8227}.UseCaptureDefintionsRelease|Mixed Platforms.Build.0 = Release|x86
		{F6EDA1F3-3DCD-43F4-8A90-E32DA70C8227}.UseCaptureDefintionsRelease|x86.ActiveCfg = Release|x86
		{F6EDA1F3-3DCD-43F4-8A90-E32DA70C8227}.UseCaptureDefintionsRelease|x86.Build.0 = Release|x86
		{CE009BFA-5EF6-4153-B2A1-2FA79698A9AE}.Debug|Any CPU.ActiveCfg = Debug|Any CPU
		{CE009BFA-5EF6-4153-B2A1-2FA79698A9AE}.Debug|Any CPU.Build.0 = Debug|Any CPU
		{CE009BFA-5EF6-4153-B2A1-2FA79698A9AE}.Debug|Mixed Platforms.ActiveCfg = Debug|x86
		{CE009BFA-5EF6-4153-B2A1-2FA79698A9AE}.Debug|Mixed Platforms.Build.0 = Debug|x86
		{CE009BFA-5EF6-4153-B2A1-2FA79698A9AE}.Debug|x86.ActiveCfg = Debug|x86
		{CE009BFA-5EF6-4153-B2A1-2FA79698A9AE}.Debug|x86.Build.0 = Debug|x86
		{CE009BFA-5EF6-4153-B2A1-2FA79698A9AE}.Release (Standalone)|Any CPU.ActiveCfg = Release|x86
		{CE009BFA-5EF6-4153-B2A1-2FA79698A9AE}.Release (Standalone)|Mixed Platforms.ActiveCfg = Release|x86
		{CE009BFA-5EF6-4153-B2A1-2FA79698A9AE}.Release (Standalone)|Mixed Platforms.Build.0 = Release|x86
		{CE009BFA-5EF6-4153-B2A1-2FA79698A9AE}.Release (Standalone)|x86.ActiveCfg = Release|x86
		{CE009BFA-5EF6-4153-B2A1-2FA79698A9AE}.Release (Standalone)|x86.Build.0 = Release|x86
		{CE009BFA-5EF6-4153-B2A1-2FA79698A9AE}.Release|Any CPU.ActiveCfg = Release|Any CPU
		{CE009BFA-5EF6-4153-B2A1-2FA79698A9AE}.Release|Any CPU.Build.0 = Release|Any CPU
		{CE009BFA-5EF6-4153-B2A1-2FA79698A9AE}.Release|Mixed Platforms.ActiveCfg = Release|x86
		{CE009BFA-5EF6-4153-B2A1-2FA79698A9AE}.Release|Mixed Platforms.Build.0 = Release|x86
		{CE009BFA-5EF6-4153-B2A1-2FA79698A9AE}.Release|x86.ActiveCfg = Release|x86
		{CE009BFA-5EF6-4153-B2A1-2FA79698A9AE}.Release|x86.Build.0 = Release|x86
		{CE009BFA-5EF6-4153-B2A1-2FA79698A9AE}.UseCaptureCardDefinitions|Any CPU.ActiveCfg = Release|x86
		{CE009BFA-5EF6-4153-B2A1-2FA79698A9AE}.UseCaptureCardDefinitions|Mixed Platforms.ActiveCfg = Release|x86
		{CE009BFA-5EF6-4153-B2A1-2FA79698A9AE}.UseCaptureCardDefinitions|Mixed Platforms.Build.0 = Release|x86
		{CE009BFA-5EF6-4153-B2A1-2FA79698A9AE}.UseCaptureCardDefinitions|x86.ActiveCfg = Release|x86
		{CE009BFA-5EF6-4153-B2A1-2FA79698A9AE}.UseCaptureCardDefinitions|x86.Build.0 = Release|x86
		{CE009BFA-5EF6-4153-B2A1-2FA79698A9AE}.UseCaptureDefintionsRelease|Any CPU.ActiveCfg = Release|Any CPU
		{CE009BFA-5EF6-4153-B2A1-2FA79698A9AE}.UseCaptureDefintionsRelease|Any CPU.Build.0 = Release|Any CPU
		{CE009BFA-5EF6-4153-B2A1-2FA79698A9AE}.UseCaptureDefintionsRelease|Mixed Platforms.ActiveCfg = Release|x86
		{CE009BFA-5EF6-4153-B2A1-2FA79698A9AE}.UseCaptureDefintionsRelease|Mixed Platforms.Build.0 = Release|x86
		{CE009BFA-5EF6-4153-B2A1-2FA79698A9AE}.UseCaptureDefintionsRelease|x86.ActiveCfg = Release|x86
		{CE009BFA-5EF6-4153-B2A1-2FA79698A9AE}.UseCaptureDefintionsRelease|x86.Build.0 = Release|x86
		{BD4A3413-C9F9-4299-BB52-ED45027EE7CC}.Debug|Any CPU.ActiveCfg = Debug|Any CPU
		{BD4A3413-C9F9-4299-BB52-ED45027EE7CC}.Debug|Any CPU.Build.0 = Debug|Any CPU
		{BD4A3413-C9F9-4299-BB52-ED45027EE7CC}.Debug|Mixed Platforms.ActiveCfg = Debug|x86
		{BD4A3413-C9F9-4299-BB52-ED45027EE7CC}.Debug|Mixed Platforms.Build.0 = Debug|x86
		{BD4A3413-C9F9-4299-BB52-ED45027EE7CC}.Debug|x86.ActiveCfg = Debug|x86
		{BD4A3413-C9F9-4299-BB52-ED45027EE7CC}.Debug|x86.Build.0 = Debug|x86
		{BD4A3413-C9F9-4299-BB52-ED45027EE7CC}.Release (Standalone)|Any CPU.ActiveCfg = Release|x86
		{BD4A3413-C9F9-4299-BB52-ED45027EE7CC}.Release (Standalone)|Mixed Platforms.ActiveCfg = Release|x86
		{BD4A3413-C9F9-4299-BB52-ED45027EE7CC}.Release (Standalone)|Mixed Platforms.Build.0 = Release|x86
		{BD4A3413-C9F9-4299-BB52-ED45027EE7CC}.Release (Standalone)|x86.ActiveCfg = Release|x86
		{BD4A3413-C9F9-4299-BB52-ED45027EE7CC}.Release (Standalone)|x86.Build.0 = Release|x86
		{BD4A3413-C9F9-4299-BB52-ED45027EE7CC}.Release|Any CPU.ActiveCfg = Release|Any CPU
		{BD4A3413-C9F9-4299-BB52-ED45027EE7CC}.Release|Any CPU.Build.0 = Release|Any CPU
		{BD4A3413-C9F9-4299-BB52-ED45027EE7CC}.Release|Mixed Platforms.ActiveCfg = Release|x86
		{BD4A3413-C9F9-4299-BB52-ED45027EE7CC}.Release|Mixed Platforms.Build.0 = Release|x86
		{BD4A3413-C9F9-4299-BB52-ED45027EE7CC}.Release|x86.ActiveCfg = Release|x86
		{BD4A3413-C9F9-4299-BB52-ED45027EE7CC}.Release|x86.Build.0 = Release|x86
		{BD4A3413-C9F9-4299-BB52-ED45027EE7CC}.UseCaptureCardDefinitions|Any CPU.ActiveCfg = Release|x86
		{BD4A3413-C9F9-4299-BB52-ED45027EE7CC}.UseCaptureCardDefinitions|Mixed Platforms.ActiveCfg = Release|x86
		{BD4A3413-C9F9-4299-BB52-ED45027EE7CC}.UseCaptureCardDefinitions|Mixed Platforms.Build.0 = Release|x86
		{BD4A3413-C9F9-4299-BB52-ED45027EE7CC}.UseCaptureCardDefinitions|x86.ActiveCfg = Release|x86
		{BD4A3413-C9F9-4299-BB52-ED45027EE7CC}.UseCaptureCardDefinitions|x86.Build.0 = Release|x86
		{BD4A3413-C9F9-4299-BB52-ED45027EE7CC}.UseCaptureDefintionsRelease|Any CPU.ActiveCfg = Release|Any CPU
		{BD4A3413-C9F9-4299-BB52-ED45027EE7CC}.UseCaptureDefintionsRelease|Any CPU.Build.0 = Release|Any CPU
		{BD4A3413-C9F9-4299-BB52-ED45027EE7CC}.UseCaptureDefintionsRelease|Mixed Platforms.ActiveCfg = Release|x86
		{BD4A3413-C9F9-4299-BB52-ED45027EE7CC}.UseCaptureDefintionsRelease|Mixed Platforms.Build.0 = Release|x86
		{BD4A3413-C9F9-4299-BB52-ED45027EE7CC}.UseCaptureDefintionsRelease|x86.ActiveCfg = Release|x86
		{BD4A3413-C9F9-4299-BB52-ED45027EE7CC}.UseCaptureDefintionsRelease|x86.Build.0 = Release|x86
		{6DA0E4DF-6230-4642-98B5-E690BB6942BB}.Debug|Any CPU.ActiveCfg = Debug|Any CPU
		{6DA0E4DF-6230-4642-98B5-E690BB6942BB}.Debug|Any CPU.Build.0 = Debug|Any CPU
		{6DA0E4DF-6230-4642-98B5-E690BB6942BB}.Debug|Mixed Platforms.ActiveCfg = Debug|x86
		{6DA0E4DF-6230-4642-98B5-E690BB6942BB}.Debug|Mixed Platforms.Build.0 = Debug|x86
		{6DA0E4DF-6230-4642-98B5-E690BB6942BB}.Debug|x86.ActiveCfg = Debug|x86
		{6DA0E4DF-6230-4642-98B5-E690BB6942BB}.Debug|x86.Build.0 = Debug|x86
		{6DA0E4DF-6230-4642-98B5-E690BB6942BB}.Release (Standalone)|Any CPU.ActiveCfg = Release|x86
		{6DA0E4DF-6230-4642-98B5-E690BB6942BB}.Release (Standalone)|Mixed Platforms.ActiveCfg = Release|x86
		{6DA0E4DF-6230-4642-98B5-E690BB6942BB}.Release (Standalone)|Mixed Platforms.Build.0 = Release|x86
		{6DA0E4DF-6230-4642-98B5-E690BB6942BB}.Release (Standalone)|x86.ActiveCfg = Release|x86
		{6DA0E4DF-6230-4642-98B5-E690BB6942BB}.Release (Standalone)|x86.Build.0 = Release|x86
		{6DA0E4DF-6230-4642-98B5-E690BB6942BB}.Release|Any CPU.ActiveCfg = Release|Any CPU
		{6DA0E4DF-6230-4642-98B5-E690BB6942BB}.Release|Any CPU.Build.0 = Release|Any CPU
		{6DA0E4DF-6230-4642-98B5-E690BB6942BB}.Release|Mixed Platforms.ActiveCfg = Release|x86
		{6DA0E4DF-6230-4642-98B5-E690BB6942BB}.Release|Mixed Platforms.Build.0 = Release|x86
		{6DA0E4DF-6230-4642-98B5-E690BB6942BB}.Release|x86.ActiveCfg = Release|x86
		{6DA0E4DF-6230-4642-98B5-E690BB6942BB}.Release|x86.Build.0 = Release|x86
		{6DA0E4DF-6230-4642-98B5-E690BB6942BB}.UseCaptureCardDefinitions|Any CPU.ActiveCfg = Release|x86
		{6DA0E4DF-6230-4642-98B5-E690BB6942BB}.UseCaptureCardDefinitions|Mixed Platforms.ActiveCfg = Release|x86
		{6DA0E4DF-6230-4642-98B5-E690BB6942BB}.UseCaptureCardDefinitions|Mixed Platforms.Build.0 = Release|x86
		{6DA0E4DF-6230-4642-98B5-E690BB6942BB}.UseCaptureCardDefinitions|x86.ActiveCfg = Release|x86
		{6DA0E4DF-6230-4642-98B5-E690BB6942BB}.UseCaptureCardDefinitions|x86.Build.0 = Release|x86
		{6DA0E4DF-6230-4642-98B5-E690BB6942BB}.UseCaptureDefintionsRelease|Any CPU.ActiveCfg = Release|Any CPU
		{6DA0E4DF-6230-4642-98B5-E690BB6942BB}.UseCaptureDefintionsRelease|Any CPU.Build.0 = Release|Any CPU
		{6DA0E4DF-6230-4642-98B5-E690BB6942BB}.UseCaptureDefintionsRelease|Mixed Platforms.ActiveCfg = Release|x86
		{6DA0E4DF-6230-4642-98B5-E690BB6942BB}.UseCaptureDefintionsRelease|Mixed Platforms.Build.0 = Release|x86
		{6DA0E4DF-6230-4642-98B5-E690BB6942BB}.UseCaptureDefintionsRelease|x86.ActiveCfg = Release|x86
		{6DA0E4DF-6230-4642-98B5-E690BB6942BB}.UseCaptureDefintionsRelease|x86.Build.0 = Release|x86
		{396C5208-5D46-4A11-92C1-FD0F2F42D7DD}.Debug|Any CPU.ActiveCfg = Debug|Any CPU
		{396C5208-5D46-4A11-92C1-FD0F2F42D7DD}.Debug|Any CPU.Build.0 = Debug|Any CPU
		{396C5208-5D46-4A11-92C1-FD0F2F42D7DD}.Debug|Mixed Platforms.ActiveCfg = Debug|x86
		{396C5208-5D46-4A11-92C1-FD0F2F42D7DD}.Debug|Mixed Platforms.Build.0 = Debug|x86
		{396C5208-5D46-4A11-92C1-FD0F2F42D7DD}.Debug|x86.ActiveCfg = Debug|x86
		{396C5208-5D46-4A11-92C1-FD0F2F42D7DD}.Debug|x86.Build.0 = Debug|x86
		{396C5208-5D46-4A11-92C1-FD0F2F42D7DD}.Release (Standalone)|Any CPU.ActiveCfg = Release|x86
		{396C5208-5D46-4A11-92C1-FD0F2F42D7DD}.Release (Standalone)|Mixed Platforms.ActiveCfg = Release|x86
		{396C5208-5D46-4A11-92C1-FD0F2F42D7DD}.Release (Standalone)|Mixed Platforms.Build.0 = Release|x86
		{396C5208-5D46-4A11-92C1-FD0F2F42D7DD}.Release (Standalone)|x86.ActiveCfg = Release|x86
		{396C5208-5D46-4A11-92C1-FD0F2F42D7DD}.Release (Standalone)|x86.Build.0 = Release|x86
		{396C5208-5D46-4A11-92C1-FD0F2F42D7DD}.Release|Any CPU.ActiveCfg = Release|Any CPU
		{396C5208-5D46-4A11-92C1-FD0F2F42D7DD}.Release|Any CPU.Build.0 = Release|Any CPU
		{396C5208-5D46-4A11-92C1-FD0F2F42D7DD}.Release|Mixed Platforms.ActiveCfg = Release|x86
		{396C5208-5D46-4A11-92C1-FD0F2F42D7DD}.Release|Mixed Platforms.Build.0 = Release|x86
		{396C5208-5D46-4A11-92C1-FD0F2F42D7DD}.Release|x86.ActiveCfg = Release|x86
		{396C5208-5D46-4A11-92C1-FD0F2F42D7DD}.Release|x86.Build.0 = Release|x86
		{396C5208-5D46-4A11-92C1-FD0F2F42D7DD}.UseCaptureCardDefinitions|Any CPU.ActiveCfg = Release|x86
		{396C5208-5D46-4A11-92C1-FD0F2F42D7DD}.UseCaptureCardDefinitions|Mixed Platforms.ActiveCfg = Release|x86
		{396C5208-5D46-4A11-92C1-FD0F2F42D7DD}.UseCaptureCardDefinitions|Mixed Platforms.Build.0 = Release|x86
		{396C5208-5D46-4A11-92C1-FD0F2F42D7DD}.UseCaptureCardDefinitions|x86.ActiveCfg = Release|x86
		{396C5208-5D46-4A11-92C1-FD0F2F42D7DD}.UseCaptureCardDefinitions|x86.Build.0 = Release|x86
		{396C5208-5D46-4A11-92C1-FD0F2F42D7DD}.UseCaptureDefintionsRelease|Any CPU.ActiveCfg = Release|Any CPU
		{396C5208-5D46-4A11-92C1-FD0F2F42D7DD}.UseCaptureDefintionsRelease|Any CPU.Build.0 = Release|Any CPU
		{396C5208-5D46-4A11-92C1-FD0F2F42D7DD}.UseCaptureDefintionsRelease|Mixed Platforms.ActiveCfg = Release|x86
		{396C5208-5D46-4A11-92C1-FD0F2F42D7DD}.UseCaptureDefintionsRelease|Mixed Platforms.Build.0 = Release|x86
		{396C5208-5D46-4A11-92C1-FD0F2F42D7DD}.UseCaptureDefintionsRelease|x86.ActiveCfg = Release|x86
		{396C5208-5D46-4A11-92C1-FD0F2F42D7DD}.UseCaptureDefintionsRelease|x86.Build.0 = Release|x86
		{C1BCEC3E-6074-4328-B5D9-391A457C8FFB}.Debug|Any CPU.ActiveCfg = Debug|Any CPU
		{C1BCEC3E-6074-4328-B5D9-391A457C8FFB}.Debug|Any CPU.Build.0 = Debug|Any CPU
		{C1BCEC3E-6074-4328-B5D9-391A457C8FFB}.Debug|Mixed Platforms.ActiveCfg = Debug|x86
		{C1BCEC3E-6074-4328-B5D9-391A457C8FFB}.Debug|Mixed Platforms.Build.0 = Debug|x86
		{C1BCEC3E-6074-4328-B5D9-391A457C8FFB}.Debug|x86.ActiveCfg = Debug|x86
		{C1BCEC3E-6074-4328-B5D9-391A457C8FFB}.Debug|x86.Build.0 = Debug|x86
		{C1BCEC3E-6074-4328-B5D9-391A457C8FFB}.Release (Standalone)|Any CPU.ActiveCfg = Release|x86
		{C1BCEC3E-6074-4328-B5D9-391A457C8FFB}.Release (Standalone)|Mixed Platforms.ActiveCfg = Release|x86
		{C1BCEC3E-6074-4328-B5D9-391A457C8FFB}.Release (Standalone)|Mixed Platforms.Build.0 = Release|x86
		{C1BCEC3E-6074-4328-B5D9-391A457C8FFB}.Release (Standalone)|x86.ActiveCfg = Release|x86
		{C1BCEC3E-6074-4328-B5D9-391A457C8FFB}.Release (Standalone)|x86.Build.0 = Release|x86
		{C1BCEC3E-6074-4328-B5D9-391A457C8FFB}.Release|Any CPU.ActiveCfg = Release|Any CPU
		{C1BCEC3E-6074-4328-B5D9-391A457C8FFB}.Release|Any CPU.Build.0 = Release|Any CPU
		{C1BCEC3E-6074-4328-B5D9-391A457C8FFB}.Release|Mixed Platforms.ActiveCfg = Release|x86
		{C1BCEC3E-6074-4328-B5D9-391A457C8FFB}.Release|Mixed Platforms.Build.0 = Release|x86
		{C1BCEC3E-6074-4328-B5D9-391A457C8FFB}.Release|x86.ActiveCfg = Release|x86
		{C1BCEC3E-6074-4328-B5D9-391A457C8FFB}.Release|x86.Build.0 = Release|x86
		{C1BCEC3E-6074-4328-B5D9-391A457C8FFB}.UseCaptureCardDefinitions|Any CPU.ActiveCfg = UseCaptureCardDefinitions|Any CPU
		{C1BCEC3E-6074-4328-B5D9-391A457C8FFB}.UseCaptureCardDefinitions|Any CPU.Build.0 = UseCaptureCardDefinitions|Any CPU
		{C1BCEC3E-6074-4328-B5D9-391A457C8FFB}.UseCaptureCardDefinitions|Mixed Platforms.ActiveCfg = UseCaptureCardDefinitions|x86
		{C1BCEC3E-6074-4328-B5D9-391A457C8FFB}.UseCaptureCardDefinitions|Mixed Platforms.Build.0 = UseCaptureCardDefinitions|x86
		{C1BCEC3E-6074-4328-B5D9-391A457C8FFB}.UseCaptureCardDefinitions|x86.ActiveCfg = UseCaptureCardDefinitions|x86
		{C1BCEC3E-6074-4328-B5D9-391A457C8FFB}.UseCaptureCardDefinitions|x86.Build.0 = UseCaptureCardDefinitions|x86
		{C1BCEC3E-6074-4328-B5D9-391A457C8FFB}.UseCaptureDefintionsRelease|Any CPU.ActiveCfg = UseCaptureDefintionsRelease|Any CPU
		{C1BCEC3E-6074-4328-B5D9-391A457C8FFB}.UseCaptureDefintionsRelease|Any CPU.Build.0 = UseCaptureDefintionsRelease|Any CPU
		{C1BCEC3E-6074-4328-B5D9-391A457C8FFB}.UseCaptureDefintionsRelease|Mixed Platforms.ActiveCfg = UseCaptureDefintionsRelease|x86
		{C1BCEC3E-6074-4328-B5D9-391A457C8FFB}.UseCaptureDefintionsRelease|Mixed Platforms.Build.0 = UseCaptureDefintionsRelease|x86
		{C1BCEC3E-6074-4328-B5D9-391A457C8FFB}.UseCaptureDefintionsRelease|x86.ActiveCfg = UseCaptureDefintionsRelease|x86
		{C1BCEC3E-6074-4328-B5D9-391A457C8FFB}.UseCaptureDefintionsRelease|x86.Build.0 = UseCaptureDefintionsRelease|x86
	EndGlobalSection
	GlobalSection(SolutionProperties) = preSolution
		HideSolutionNode = FALSE
	EndGlobalSection
	GlobalSection(NestedProjects) = preSolution
		{02FFFC1F-2555-4B99-8B01-3432D0673855} = {83E69C6F-23B9-43D7-A4DB-455918E1617E}
		{F6EDA1F3-3DCD-43F4-8A90-E32DA70C8227} = {83E69C6F-23B9-43D7-A4DB-455918E1617E}
		{CE009BFA-5EF6-4153-B2A1-2FA79698A9AE} = {83E69C6F-23B9-43D7-A4DB-455918E1617E}
		{BD4A3413-C9F9-4299-BB52-ED45027EE7CC} = {83E69C6F-23B9-43D7-A4DB-455918E1617E}
		{6DA0E4DF-6230-4642-98B5-E690BB6942BB} = {83E69C6F-23B9-43D7-A4DB-455918E1617E}
		{396C5208-5D46-4A11-92C1-FD0F2F42D7DD} = {83E69C6F-23B9-43D7-A4DB-455918E1617E}
		{C1BCEC3E-6074-4328-B5D9-391A457C8FFB} = {83E69C6F-23B9-43D7-A4DB-455918E1617E}
	EndGlobalSection
EndGlobal
